
Microsoft Visual Studio Solution File, Format Version 12.00
Project("{FAE04EC0-301F-11D3-BF4B-00C04F79EFBC}") = "Otama", "Otama\Otama.csproj", "{2255D7D0-3FC1-40C7-A268-02C3CE0240BA}"
EndProject
Project("{FAE04EC0-301F-11D3-BF4B-00C04F79EFBC}") = "Otama.Tests", "Otama.Tests\Otama.Tests.csproj", "{B11C97B6-16F7-4ADF-8B51-BB20E864DF61}"
EndProject
Global
	GlobalSection(SolutionConfigurationPlatforms) = preSolution
		Debug|Any CPU = Debug|Any CPU
		Release|Any CPU = Release|Any CPU
	EndGlobalSection
	GlobalSection(ProjectConfigurationPlatforms) = postSolution
		{2255D7D0-3FC1-40C7-A268-02C3CE0240BA}.Debug|Any CPU.ActiveCfg = Debug|Any CPU
		{2255D7D0-3FC1-40C7-A268-02C3CE0240BA}.Debug|Any CPU.Build.0 = Debug|Any CPU
		{2255D7D0-3FC1-40C7-A268-02C3CE0240BA}.Release|Any CPU.ActiveCfg = Release|Any CPU
		{2255D7D0-3FC1-40C7-A268-02C3CE0240BA}.Release|Any CPU.Build.0 = Release|Any CPU
		{B11C97B6-16F7-4ADF-8B51-BB20E864DF61}.Debug|Any CPU.ActiveCfg = Debug|Any CPU
		{B11C97B6-16F7-4ADF-8B51-BB20E864DF61}.Debug|Any CPU.Build.0 = Debug|Any CPU
		{B11C97B6-16F7-4ADF-8B51-BB20E864DF61}.Release|Any CPU.ActiveCfg = Release|Any CPU
		{B11C97B6-16F7-4ADF-8B51-BB20E864DF61}.Release|Any CPU.Build.0 = Release|Any CPU
	EndGlobalSection
EndGlobal
