
Microsoft Visual Studio Solution File, Format Version 12.00
Project("{FAE04EC0-301F-11D3-BF4B-00C04F79EFBC}") = "Otama", "Otama\Otama.csproj", "{2255D7D0-3FC1-40C7-A268-02C3CE0240BA}"
EndProject
Project("{FAE04EC0-301F-11D3-BF4B-00C04F79EFBC}") = "Actor", "Actor\Actor.csproj", "{C656DDF7-7733-44EF-A568-8F8369CF8697}"
EndProject
Project("{FAE04EC0-301F-11D3-BF4B-00C04F79EFBC}") = "Fetcher", "Fetcher\Fetcher.csproj", "{6CD2BF1E-7B9C-4999-B79F-5E0A5B727AD2}"
EndProject
Project("{FAE04EC0-301F-11D3-BF4B-00C04F79EFBC}") = "Server", "Server\Server.csproj", "{E5A3DBE1-92C3-4AB1-8F96-6D99782F797E}"
EndProject
Global
	GlobalSection(SolutionConfigurationPlatforms) = preSolution
		Debug|Any CPU = Debug|Any CPU
		Release|Any CPU = Release|Any CPU
	EndGlobalSection
	GlobalSection(ProjectConfigurationPlatforms) = postSolution
		{2255D7D0-3FC1-40C7-A268-02C3CE0240BA}.Debug|Any CPU.ActiveCfg = Debug|Any CPU
		{2255D7D0-3FC1-40C7-A268-02C3CE0240BA}.Debug|Any CPU.Build.0 = Debug|Any CPU
		{2255D7D0-3FC1-40C7-A268-02C3CE0240BA}.Release|Any CPU.ActiveCfg = Release|Any CPU
		{2255D7D0-3FC1-40C7-A268-02C3CE0240BA}.Release|Any CPU.Build.0 = Release|Any CPU
		{C656DDF7-7733-44EF-A568-8F8369CF8697}.Debug|Any CPU.ActiveCfg = Debug|Any CPU
		{C656DDF7-7733-44EF-A568-8F8369CF8697}.Debug|Any CPU.Build.0 = Debug|Any CPU
		{C656DDF7-7733-44EF-A568-8F8369CF8697}.Release|Any CPU.ActiveCfg = Release|Any CPU
		{C656DDF7-7733-44EF-A568-8F8369CF8697}.Release|Any CPU.Build.0 = Release|Any CPU
		{6CD2BF1E-7B9C-4999-B79F-5E0A5B727AD2}.Debug|Any CPU.ActiveCfg = Debug|Any CPU
		{6CD2BF1E-7B9C-4999-B79F-5E0A5B727AD2}.Debug|Any CPU.Build.0 = Debug|Any CPU
		{6CD2BF1E-7B9C-4999-B79F-5E0A5B727AD2}.Release|Any CPU.ActiveCfg = Release|Any CPU
		{6CD2BF1E-7B9C-4999-B79F-5E0A5B727AD2}.Release|Any CPU.Build.0 = Release|Any CPU
		{E5A3DBE1-92C3-4AB1-8F96-6D99782F797E}.Debug|Any CPU.ActiveCfg = Debug|Any CPU
		{E5A3DBE1-92C3-4AB1-8F96-6D99782F797E}.Debug|Any CPU.Build.0 = Debug|Any CPU
		{E5A3DBE1-92C3-4AB1-8F96-6D99782F797E}.Release|Any CPU.ActiveCfg = Release|Any CPU
		{E5A3DBE1-92C3-4AB1-8F96-6D99782F797E}.Release|Any CPU.Build.0 = Release|Any CPU
	EndGlobalSection
EndGlobal
